
Microsoft Visual Studio Solution File, Format Version 12.00
# Visual Studio Version 16
VisualStudioVersion = 16.0.29123.88
MinimumVisualStudioVersion = 10.0.40219.1
Project("{FAE04EC0-301F-11D3-BF4B-00C04F79EFBC}") = "Task3(LinqTask)", "Task3(LinqTask).csproj", "{076FFAFE-5632-4E17-AF34-BB8A86082190}"
EndProject
Project("{FAE04EC0-301F-11D3-BF4B-00C04F79EFBC}") = "Task3(LinqTask)Tests", "..\Task3_LinqTask_Tests\Task3(LinqTask)Tests.csproj", "{8D37EFFF-A8A2-46B4-B4FB-A7FBE437EF23}"
	ProjectSection(ProjectDependencies) = postProject
		{076FFAFE-5632-4E17-AF34-BB8A86082190} = {076FFAFE-5632-4E17-AF34-BB8A86082190}
	EndProjectSection
EndProject
Global
	GlobalSection(SolutionConfigurationPlatforms) = preSolution
		Debug|Any CPU = Debug|Any CPU
		Release|Any CPU = Release|Any CPU
	EndGlobalSection
	GlobalSection(ProjectConfigurationPlatforms) = postSolution
		{076FFAFE-5632-4E17-AF34-BB8A86082190}.Debug|Any CPU.ActiveCfg = Debug|Any CPU
		{076FFAFE-5632-4E17-AF34-BB8A86082190}.Debug|Any CPU.Build.0 = Debug|Any CPU
		{076FFAFE-5632-4E17-AF34-BB8A86082190}.Release|Any CPU.ActiveCfg = Release|Any CPU
		{076FFAFE-5632-4E17-AF34-BB8A86082190}.Release|Any CPU.Build.0 = Release|Any CPU
		{8D37EFFF-A8A2-46B4-B4FB-A7FBE437EF23}.Debug|Any CPU.ActiveCfg = Debug|Any CPU
		{8D37EFFF-A8A2-46B4-B4FB-A7FBE437EF23}.Debug|Any CPU.Build.0 = Debug|Any CPU
		{8D37EFFF-A8A2-46B4-B4FB-A7FBE437EF23}.Release|Any CPU.ActiveCfg = Release|Any CPU
		{8D37EFFF-A8A2-46B4-B4FB-A7FBE437EF23}.Release|Any CPU.Build.0 = Release|Any CPU
	EndGlobalSection
	GlobalSection(SolutionProperties) = preSolution
		HideSolutionNode = FALSE
	EndGlobalSection
	GlobalSection(ExtensibilityGlobals) = postSolution
		SolutionGuid = {AAEC607A-0FF6-44BD-808F-BA6658D0E215}
	EndGlobalSection
EndGlobal
