
Microsoft Visual Studio Solution File, Format Version 12.00
# Visual Studio Version 16
VisualStudioVersion = 16.0.29123.88
MinimumVisualStudioVersion = 10.0.40219.1
Project("{FAE04EC0-301F-11D3-BF4B-00C04F79EFBC}") = "Task1(simulateApplicationLoadingStage)", "Task1(simulateApplicationLoadingStage).csproj", "{84254F09-8030-4E50-AF81-5FE1C79F5471}"
EndProject
Global
	GlobalSection(SolutionConfigurationPlatforms) = preSolution
		Debug|Any CPU = Debug|Any CPU
		Release|Any CPU = Release|Any CPU
	EndGlobalSection
	GlobalSection(ProjectConfigurationPlatforms) = postSolution
		{84254F09-8030-4E50-AF81-5FE1C79F5471}.Debug|Any CPU.ActiveCfg = Debug|Any CPU
		{84254F09-8030-4E50-AF81-5FE1C79F5471}.Debug|Any CPU.Build.0 = Debug|Any CPU
		{84254F09-8030-4E50-AF81-5FE1C79F5471}.Release|Any CPU.ActiveCfg = Release|Any CPU
		{84254F09-8030-4E50-AF81-5FE1C79F5471}.Release|Any CPU.Build.0 = Release|Any CPU
	EndGlobalSection
	GlobalSection(SolutionProperties) = preSolution
		HideSolutionNode = FALSE
	EndGlobalSection
	GlobalSection(ExtensibilityGlobals) = postSolution
		SolutionGuid = {7DD03482-9D8A-4E8A-B0F7-6417C3EB6245}
	EndGlobalSection
EndGlobal
